
Microsoft Visual Studio Solution File, Format Version 12.00
# Visual Studio Version 16
VisualStudioVersion = 16.0.30104.148
MinimumVisualStudioVersion = 10.0.40219.1
Project("{FAE04EC0-301F-11D3-BF4B-00C04F79EFBC}") = "BankSystem", "WindowsFormsApp1\BankSystem.csproj", "{4526D0FB-8E38-4E2F-8281-5D0C6F574BF0}"
EndProject
Global
	GlobalSection(SolutionConfigurationPlatforms) = preSolution
		Debug|Any CPU = Debug|Any CPU
		Release|Any CPU = Release|Any CPU
	EndGlobalSection
	GlobalSection(ProjectConfigurationPlatforms) = postSolution
		{4526D0FB-8E38-4E2F-8281-5D0C6F574BF0}.Debug|Any CPU.ActiveCfg = Debug|Any CPU
		{4526D0FB-8E38-4E2F-8281-5D0C6F574BF0}.Debug|Any CPU.Build.0 = Debug|Any CPU
		{4526D0FB-8E38-4E2F-8281-5D0C6F574BF0}.Release|Any CPU.ActiveCfg = Release|Any CPU
		{4526D0FB-8E38-4E2F-8281-5D0C6F574BF0}.Release|Any CPU.Build.0 = Release|Any CPU
	EndGlobalSection
	GlobalSection(SolutionProperties) = preSolution
		HideSolutionNode = FALSE
	EndGlobalSection
	GlobalSection(ExtensibilityGlobals) = postSolution
		SolutionGuid = {BF884CA5-385A-47AF-8E8F-6C4050CEA10D}
	EndGlobalSection
EndGlobal
